
Microsoft Visual Studio Solution File, Format Version 12.00
# Visual Studio 15
VisualStudioVersion = 15.0.27703.2047
MinimumVisualStudioVersion = 10.0.40219.1
Project("{FAE04EC0-301F-11D3-BF4B-00C04F79EFBC}") = "Projeto01_CadastroEventos", "Projeto01_CadastroEventos\Projeto01_CadastroEventos.csproj", "{8EF1BD59-BBCB-4D04-83B9-53296AD7FEDB}"
EndProject
Project("{FAE04EC0-301F-11D3-BF4B-00C04F79EFBC}") = "Projeto02_AcessoDados", "Projeto02_AcessoDados\Projeto02_AcessoDados.csproj", "{FB92B24C-451E-4660-B0E0-6893BCA1B210}"
EndProject
Global
	GlobalSection(SolutionConfigurationPlatforms) = preSolution
		Debug|Any CPU = Debug|Any CPU
		Release|Any CPU = Release|Any CPU
	EndGlobalSection
	GlobalSection(ProjectConfigurationPlatforms) = postSolution
		{8EF1BD59-BBCB-4D04-83B9-53296AD7FEDB}.Debug|Any CPU.ActiveCfg = Debug|Any CPU
		{8EF1BD59-BBCB-4D04-83B9-53296AD7FEDB}.Debug|Any CPU.Build.0 = Debug|Any CPU
		{8EF1BD59-BBCB-4D04-83B9-53296AD7FEDB}.Release|Any CPU.ActiveCfg = Release|Any CPU
		{8EF1BD59-BBCB-4D04-83B9-53296AD7FEDB}.Release|Any CPU.Build.0 = Release|Any CPU
		{FB92B24C-451E-4660-B0E0-6893BCA1B210}.Debug|Any CPU.ActiveCfg = Debug|Any CPU
		{FB92B24C-451E-4660-B0E0-6893BCA1B210}.Debug|Any CPU.Build.0 = Debug|Any CPU
		{FB92B24C-451E-4660-B0E0-6893BCA1B210}.Release|Any CPU.ActiveCfg = Release|Any CPU
		{FB92B24C-451E-4660-B0E0-6893BCA1B210}.Release|Any CPU.Build.0 = Release|Any CPU
	EndGlobalSection
	GlobalSection(SolutionProperties) = preSolution
		HideSolutionNode = FALSE
	EndGlobalSection
	GlobalSection(ExtensibilityGlobals) = postSolution
		SolutionGuid = {CCD510FD-EF72-486D-8B76-69D2D6B61642}
	EndGlobalSection
EndGlobal
