
Microsoft Visual Studio Solution File, Format Version 12.00
# Visual Studio 15
VisualStudioVersion = 15.0.27703.2047
MinimumVisualStudioVersion = 10.0.40219.1
Project("{FAE04EC0-301F-11D3-BF4B-00C04F79EFBC}") = "Projeto02_WCFPagamentos", "Projeto02_WCFPagamentos\Projeto02_WCFPagamentos.csproj", "{3BE22E25-0994-4C0D-9F10-95442D0BA33D}"
EndProject
Global
	GlobalSection(SolutionConfigurationPlatforms) = preSolution
		Debug|Any CPU = Debug|Any CPU
		Release|Any CPU = Release|Any CPU
	EndGlobalSection
	GlobalSection(ProjectConfigurationPlatforms) = postSolution
		{3BE22E25-0994-4C0D-9F10-95442D0BA33D}.Debug|Any CPU.ActiveCfg = Debug|Any CPU
		{3BE22E25-0994-4C0D-9F10-95442D0BA33D}.Debug|Any CPU.Build.0 = Debug|Any CPU
		{3BE22E25-0994-4C0D-9F10-95442D0BA33D}.Release|Any CPU.ActiveCfg = Release|Any CPU
		{3BE22E25-0994-4C0D-9F10-95442D0BA33D}.Release|Any CPU.Build.0 = Release|Any CPU
	EndGlobalSection
	GlobalSection(SolutionProperties) = preSolution
		HideSolutionNode = FALSE
	EndGlobalSection
	GlobalSection(ExtensibilityGlobals) = postSolution
		SolutionGuid = {CE0B7198-B455-4F02-9225-DD6CD7352484}
	EndGlobalSection
EndGlobal
